# THIS IS AN AUTOGENERATED FILE. DO NOT EDIT THIS FILE DIRECTLY.
# yarn lockfile v1


"@adraffy/ens-normalize@^1.11.0":
  version "1.11.1"
  resolved "https://registry.yarnpkg.com/@adraffy/ens-normalize/-/ens-normalize-1.11.1.tgz#6c2d657d4b2dfb37f8ea811dcb3e60843d4ac24a"
  integrity sha512-nhCBV3quEgesuf7c7KYfperqSS14T8bYuvJ8PcLJp6znkZpFc0AuW4qBtr8eKVyPPe/8RSr7sglCWPU5eaxwKQ==

"@esbuild/aix-ppc64@0.28.2":
  version "0.28.2"
  resolved "https://registry.yarnpkg.com/@esbuild/aix-ppc64/-/aix-ppc64-0.28.2.tgz#bf6e10303bcf2e7c686975fa52f937ec2728d8bc"
  integrity sha512-XExcO+dvLKvVtNTibSTBej1NCAbaGhWn9Ww1ZPx80qsahhPFe/8jgWP0IchNe0F3HwkU7n8ejhH8bjonqht8mQ==

"@esbuild/android-arm64@0.28.2":
  version "0.28.2"
  resolved "https://registry.yarnpkg.com/@esbuild/android-arm64/-/android-arm64-0.28.2.tgz#0c6246bc8d2c4d172aac2db3fb1190d72bd65504"
  integrity sha512-5YfKeeI8qWfBZIX+u2xZC3Zlb3Os/gLS2sbEKM+I4ZOcsWmHS2WLysCcQZDAFRslDUU5Oiq44gf6PYN1vGwG5A==

"@esbuild/android-arm@0.28.2":
  version "0.28.2"
  resolved "https://registry.yarnpkg.com/@esbuild/android-arm/-/android-arm-0.28.2.tgz#2d84ece6a4e2684d92be26ee13d42757d831c381"
  integrity sha512-kXXoiPVVGQcnIYGOeaovwOURpniDBpSq4A03qkQ+BMQqtGG6HYap3xne9C1O1yo4TR3qxlCX5IqqmX6fFo2Lqg==

"@esbuild/android-x64@0.28.2":
  version "0.28.2"
  resolved "https://registry.yarnpkg.com/@esbuild/android-x64/-/android-x64-0.28.2.tgz#fc38d4d6358d8dc1cf53f09f7589fe436eb64801"
  integrity sha512-O387ite7SzUyCcy3JQX4P4bLtEA7bLLkx+esve5JHnyYfNTxcVpXZo9jhdB0lTKN44gztELTdU7nS8Nr16Fs1Q==

"@esbuild/darwin-arm64@0.28.2":
  version "0.28.2"
  resolved "https://registry.yarnpkg.com/@esbuild/darwin-arm64/-/darwin-arm64-0.28.2.tgz#f83afeeac1d7dac01c7a2fd012b3e451a0591fcc"
  integrity sha512-n4KqkOQrraxHJcgjM1RvwbigfQKIKJVpM7xp+KsxiyUSrRdIXnt73VhrPAx0fV44hgfmIVKjxMN9J1t5jySVkw==

"@esbuild/darwin-x64@0.28.2":
  version "0.28.2"
  resolved "https://registry.yarnpkg.com/@esbuild/darwin-x64/-/darwin-x64-0.28.2.tgz#510147c055a795588dbbe14fd6b1b8ad0a2f30de"
  integrity sha512-uq6suIWYP37qzGddBKPw5QEQPi6HiLGsO7UmkpfyaYNQ3D+rN6w6WfwH+nuqcGXWvawGwxOEroO4YGnFh95azw==

"@esbuild/freebsd-arm64@0.28.2":
  version "0.28.2"
  resolved "https://registry.yarnpkg.com/@esbuild/freebsd-arm64/-/freebsd-arm64-0.28.2.tgz#093b9200ecf0b115ba4e5e248a7485c9c5f8bd5e"
  integrity sha512-n+I0BTSRIoy+d6RPKnEVwql5UwBJolytvY4mAOIEJorKlqgPII8ix6slVVrfZ5Tnj7glIZvloylbB/EJPMWEXw==

"@esbuild/freebsd-x64@0.28.2":
  version "0.28.2"
  resolved "https://registry.yarnpkg.com/@esbuild/freebsd-x64/-/freebsd-x64-0.28.2.tgz#0be22b6df925d213e841ea87123af5df80b0faf7"
  integrity sha512-78XJTJkvPs0kz2w61301PJjXl4g7q3JqiYMZ/M/yVI73EHBrCRTgkhu9oqG7vPqq+a/yadEW8aD+agKlk5xrmg==

"@esbuild/linux-arm64@0.28.2":
  version "0.28.2"
  resolved "https://registry.yarnpkg.com/@esbuild/linux-arm64/-/linux-arm64-0.28.2.tgz#1bdbc651cda9ba9995c53ed9c71ceaa65094762d"
  integrity sha512-pW4AC0P3it8c7do9MVM4p51FzHzdM/TZrerurgRcHJ2WTa1VQ1CIq18xncfpBJw4ojkiZZrKW2yIBWBP92j6Ug==

"@esbuild/linux-arm@0.28.2":
  version "0.28.2"
  resolved "https://registry.yarnpkg.com/@esbuild/linux-arm/-/linux-arm-0.28.2.tgz#beb12ad72b84f72d28488cc1b8ee9f7eb141d753"
  integrity sha512-XlDnu2q5yoqems+xay6wSAcg9DDD7K9RLKZEBOMZm3ckNpJBvOX20tSfby8KfrrhINDyv9V2YVZKY/SpoGJI8w==

"@esbuild/linux-ia32@0.28.2":
  version "0.28.2"
  resolved "https://registry.yarnpkg.com/@esbuild/linux-ia32/-/linux-ia32-0.28.2.tgz#b81f9d55529b45c206a46a138214b1aa6879696b"
  integrity sha512-CYbnj78HsIeA+DhgUKgFCfvNsTHFhMMrinUrMZpDXJXKN8T3XViTZ/+wtHeVxEWY8ewSzTFN+nRmSwO2tZaLUQ==

"@esbuild/linux-loong64@0.28.2":
  version "0.28.2"
  resolved "https://registry.yarnpkg.com/@esbuild/linux-loong64/-/linux-loong64-0.28.2.tgz#598667241a04c99b76ed6ef940ac50038c419f98"
  integrity sha512-buwkd8nsph4R+ajRvw0qM5Hja/TXQow3ptzWO2EbG/cqcIkHloRrdlBtQlshyYGTNFvfkfJ5tpPLVkY4DtsPfQ==

"@esbuild/linux-mips64el@0.28.2":
  version "0.28.2"
  resolved "https://registry.yarnpkg.com/@esbuild/linux-mips64el/-/linux-mips64el-0.28.2.tgz#1c51eb9cea903f53d97b5af3b1841db70f5596ca"
  integrity sha512-ZVykbDyk7519VwiNb9Lcj9m8XM6v5V9uKPvrEMkkEedVewf+0itkhahp4HDpgERXhwLRpWFypsGbG/J8s0QjJA==

"@esbuild/linux-ppc64@0.28.2":
  version "0.28.2"
  resolved "https://registry.yarnpkg.com/@esbuild/linux-ppc64/-/linux-ppc64-0.28.2.tgz#63dd61f17ceb31a81227f413feac8a71bc2c51f2"
  integrity sha512-CAXl+Dtd9UUuJd8pKKdwh6MLm3MUMiqMPmhZ3tTSXPqfyQ3vDl6R5hZdZ/kYojK4ofXtdfSv1tFq8XzWx3heNQ==

"@esbuild/linux-riscv64@0.28.2":
  version "0.28.2"
  resolved "https://registry.yarnpkg.com/@esbuild/linux-riscv64/-/linux-riscv64-0.28.2.tgz#3763b08fde5cf25ab1facb8e7752edfe45fbfc27"
  integrity sha512-GeXCej4IQtU1B+QlDV8W/RRvbzI3O/Stss+/bCXv4lZls5WGRtu2a+3JkA3i4qIUlMXpcHebWpF8AkJhATowuA==

"@esbuild/linux-s390x@0.28.2":
  version "0.28.2"
  resolved "https://registry.yarnpkg.com/@esbuild/linux-s390x/-/linux-s390x-0.28.2.tgz#1a137ff293a82906eb3176385bd7e8e0e5cfb7cb"
  integrity sha512-3H1weTYZPxt/WOhByszQZybS9w5lKzUn1FDMsgEChbHWQwHYQQRfBxgCcZvPhjHfKyJjIievvMmEUawJrdY9Dg==

"@esbuild/linux-x64@0.28.2":
  version "0.28.2"
  resolved "https://registry.yarnpkg.com/@esbuild/linux-x64/-/linux-x64-0.28.2.tgz#268b36211c146ca54f8fe12c578a8d6ef8979485"
  integrity sha512-4xTZr1FUmSoQW4XIWmit3tzQrUTZM+N3P0XV8xROKYF50XfI7xeO90+1bZvNwxIufQ9hDQVRJH5YhgPVF8A/HQ==

"@esbuild/netbsd-arm64@0.28.2":
  version "0.28.2"
  resolved "https://registry.yarnpkg.com/@esbuild/netbsd-arm64/-/netbsd-arm64-0.28.2.tgz#22571ad951d62bb6accc82d8d1fad5c8c1ac0ba1"
  integrity sha512-sSATRjPeDBg3pdgHoQfoYBob11Kk1FGa9lui5RIHZCoCkJa9QKlvl3/vKz2usCmYYjs7ymJR/2Nnsqe+Hjt5nw==

"@esbuild/netbsd-x64@0.28.2":
  version "0.28.2"
  resolved "https://registry.yarnpkg.com/@esbuild/netbsd-x64/-/netbsd-x64-0.28.2.tgz#42fcc57297eb0a0ca3f5fc475291f4c1a3f7c0de"
  integrity sha512-lqnzCV+mM0gIADaKihiCg6ifgfU2L3h5E33rNQBN1Y4MaVGnzryzmvvf7UHxprpQdE8hpqLolJ9Rl+SkIRDpyw==

"@esbuild/openbsd-arm64@0.28.2":
  version "0.28.2"
  resolved "https://registry.yarnpkg.com/@esbuild/openbsd-arm64/-/openbsd-arm64-0.28.2.tgz#9eb32af104ac3dacf4edca01f596664aab0c73ef"
  integrity sha512-AL2qJILH7lNjrDmCQDvdxMfAUIv8KMNZOvrwAQ8i8//ntL9FflhOyMJ8OZSMBb8/AWXe3/5v5S20y3zCoZWKoQ==

"@esbuild/openbsd-x64@0.28.2":
  version "0.28.2"
  resolved "https://registry.yarnpkg.com/@esbuild/openbsd-x64/-/openbsd-x64-0.28.2.tgz#febed2402d6088225e91f20fb4ce2522ad0a4efd"
  integrity sha512-QtiuPytchRyC4rwUKhexJdQKvDuZ6hWloi3igqPQNUJCS1/v9EiO3UTOXR6A3FoMo4fnAKbWJdqaIwhOzh8qEw==

"@esbuild/openharmony-arm64@0.28.2":
  version "0.28.2"
  resolved "https://registry.yarnpkg.com/@esbuild/openharmony-arm64/-/openharmony-arm64-0.28.2.tgz#85641c3d466428bfbccea5f21c26836663fef5ce"
  integrity sha512-WkhYDmpTjLvGlScA1rwjRUmhl4k8oXR3cIbtqWmELgU/dFeHHlEllxDvdWcNJV9rbzCexB5vz8gtNewWLgCT7Q==

"@esbuild/sunos-x64@0.28.2":
  version "0.28.2"
  resolved "https://registry.yarnpkg.com/@esbuild/sunos-x64/-/sunos-x64-0.28.2.tgz#a736f9d8962481045fc4c3e54f5479f22c870fb4"
  integrity sha512-GPMSkTOtMnv2U2F8gxe4Io6qmVs+YKyp832Etqqxr0hFngmXQ3rzwytelm3GIn7T4VviRUlf3sOgBOiTdvaf7g==

"@esbuild/win32-arm64@0.28.2":
  version "0.28.2"
  resolved "https://registry.yarnpkg.com/@esbuild/win32-arm64/-/win32-arm64-0.28.2.tgz#ee5ab40fad186201b652a33f8a5eb149e9e42532"
  integrity sha512-PIhhEkE9uPBleRBrQEJpUn7MBnibZzbGzYWPmY3x+YoVg/95zbjB4CxPPOQ8l5tYYM4mMaCthF8/1DIfBQQyWQ==

"@esbuild/win32-ia32@0.28.2":
  version "0.28.2"
  resolved "https://registry.yarnpkg.com/@esbuild/win32-ia32/-/win32-ia32-0.28.2.tgz#c40d28a6d99a127da6711f2afd74b11cb63b06a7"
  integrity sha512-YmJbfTlvU7Sdn9BB+4PRES4oB6pxgS37MAONj+hBr/cpXS1aBPKXxNnDbu+QCWPj0o9dgyxeq79g6c5P8KeuYA==

"@esbuild/win32-x64@0.28.2":
  version "0.28.2"
  resolved "https://registry.yarnpkg.com/@esbuild/win32-x64/-/win32-x64-0.28.2.tgz#b21affb804cc167c133d95f45b3a1dc1323b9a87"
  integrity sha512-5ebpxr3nWMzrL/rnUI755Jkuee0bHL/Gq0WTF9lvcpv73wAp5eu8MfBUgWK9bhWvZjj7yX8etf/8tI8Ney695g==

"@hot-labs/near-connect@0.11.4":
  version "0.11.4"
  resolved "https://registry.yarnpkg.com/@hot-labs/near-connect/-/near-connect-0.11.4.tgz#1b6069de3b83cbd712e794e441e04418f467f4d5"
  integrity sha512-exAL1gqysyCHewcMO334YJ3ddTPg3j9EyVM9novz5Jx4fLbG/YSYBlkYMjMNB8E9K/4I7BiemjOw9bQ+h80hEA==

"@napi-rs/lzma-linux-x64-gnu@1.5.1":
  version "1.5.1"
  resolved "https://registry.yarnpkg.com/@napi-rs/lzma-linux-x64-gnu/-/lzma-linux-x64-gnu-1.5.1.tgz#e57d4306966078662038094fb38eb9146dc3aea9"
  integrity sha512-oTXEIha4SsuXdTA4Iyskj0kpdx2yVXdhd75c2v3xGrHFfVMsbhTPZU/nMPL4sWKo4pBHm3aucLaqGlF696dTyQ==

"@noble/ciphers@^1.3.0":
  version "1.3.0"
  resolved "https://registry.yarnpkg.com/@noble/ciphers/-/ciphers-1.3.0.tgz#f64b8ff886c240e644e5573c097f86e5b43676dc"
  integrity sha512-2I0gnIVPtfnMw9ee9h1dJG7tp81+8Ob3OJb3Mv37rx5L40/b0i7djjCVvGOVqc9AEIQyvyu1i6ypKdFw8R8gQw==

"@noble/curves@1.9.1":
  version "1.9.1"
  resolved "https://registry.yarnpkg.com/@noble/curves/-/curves-1.9.1.tgz#9654a0bc6c13420ae252ddcf975eaf0f58f0a35c"
  integrity sha512-k11yZxZg+t+gWvBbIswW0yoJlu8cHOC7dhunwOzoWH/mXGBiYyR4YY6hAEK/3EUs4UpB8la1RfdRpeGsFHkWsA==
  dependencies:
    "@noble/hashes" "1.8.0"

"@noble/curves@~1.9.0":
  version "1.9.7"
  resolved "https://registry.yarnpkg.com/@noble/curves/-/curves-1.9.7.tgz#79d04b4758a43e4bca2cbdc62e7771352fa6b951"
  integrity sha512-gbKGcRUYIjA3/zCCNaWDciTMFI0dCkvou3TL8Zmy5Nc7sJ47a0jtOeZoTaMxkuqRo9cRhjOdZJXegxYE5FN/xw==
  dependencies:
    "@noble/hashes" "1.8.0"

"@noble/hashes@1.8.0", "@noble/hashes@^1.8.0", "@noble/hashes@~1.8.0":
  version "1.8.0"
  resolved "https://registry.yarnpkg.com/@noble/hashes/-/hashes-1.8.0.tgz#cee43d801fcef9644b11b8194857695acd5f815a"
  integrity sha512-jCs9ldd7NwzpgXDIf6P3+NrHh9/sD6CQdxHyjQI+h/6rDNo88ypBxxz45UDuZHz9r3tNz7N/VInSVoVdtXEI4A==

"@rollup/rollup-android-arm-eabi@4.63.2":
  version "4.63.2"
  resolved "https://registry.yarnpkg.com/@rollup/rollup-android-arm-eabi/-/rollup-android-arm-eabi-4.63.2.tgz#23d6a7c077f50874a6e691eb384efe163cdd19fb"
  integrity sha512-Xa6RDoWa+hNiX6PgsljlH6W75RaONx3y6PVlbLhkEWW+GaPQ3dP5gwbL/erAzQHWwkvW5UxdD5l87Qx2FAQ/4A==

"@rollup/rollup-android-arm64@4.63.2":
  version "4.63.2"
  resolved "https://registry.yarnpkg.com/@rollup/rollup-android-arm64/-/rollup-android-arm64-4.63.2.tgz#dc60c9cf6ff2d9d8ac0636dbdd977323d6b64c04"
  integrity sha512-vNASxsghMfQ5s+v3PrpnJd+ryL/26lxCCaGI+sDJ7VzmHiYXIrrVltsDhaawxLM1WcoMU2oYlbPHLaYQtBzhcg==

"@rollup/rollup-darwin-arm64@4.63.2":
  version "4.63.2"
  resolved "https://registry.yarnpkg.com/@rollup/rollup-darwin-arm64/-/rollup-darwin-arm64-4.63.2.tgz#aa9c2baf8aaada4ed15471304b1b35f8875f7059"
  integrity sha512-0dWDjmlrpZAgjPD/aPzUDhBW8APLRjAni5bOrM76wiiZm+E+KTMVKNhAzaTBohz8UyO2fKNAl0+fygbe2HZXOA==

"@rollup/rollup-darwin-x64@4.63.2":
  version "4.63.2"
  resolved "https://registry.yarnpkg.com/@rollup/rollup-darwin-x64/-/rollup-darwin-x64-4.63.2.tgz#df0b6b21f0e1dec76ab380ace9ead13cb3c38930"
  integrity sha512-N58uktcwzk3+qT4KHEuNdIxX1N01RWrkfVoml69EAbSaNDL+sbNVLx2RMl4Qd23lpA0fgPvyh5hHb4weD5WKmg==

"@rollup/rollup-freebsd-arm64@4.63.2":
  version "4.63.2"
  resolved "https://registry.yarnpkg.com/@rollup/rollup-freebsd-arm64/-/rollup-freebsd-arm64-4.63.2.tgz#04896461144bf462c2fd3793c3a562ccf3e56776"
  integrity sha512-HWF2zH8EAp2scWRpt2PGe6iUGz7zi04waXsdRr3zb4DWCk2ImIo5FZu0jjmD53nP/DGSvnW0e7/1ToCNZs2lZw==

"@rollup/rollup-freebsd-x64@4.63.2":
  version "4.63.2"
  resolved "https://registry.yarnpkg.com/@rollup/rollup-freebsd-x64/-/rollup-freebsd-x64-4.63.2.tgz#537ae5f50bd687351cfd7923692809d61e15f564"
  integrity sha512-MkvcwHMnzPSMOQEwB6wHnLzmc+hT8BGc5bW/Mhmjjgx3wbj6VBnlc47XsK74kD0K9MikFfXpQqyz4NUXaUW62A==

"@rollup/rollup-linux-arm-gnueabihf@4.63.2":
  version "4.63.2"
  resolved "https://registry.yarnpkg.com/@rollup/rollup-linux-arm-gnueabihf/-/rollup-linux-arm-gnueabihf-4.63.2.tgz#c0836c0168d3384f271213623ffc9b65764fcbcc"
  integrity sha512-xe1bCKPJaKsD0tfd7Rb6bGfUogJTpKbTEEthsfdb7hTfTRNJVQTdirabQx0o6ERVba/smkM720soMY+0QnrlSQ==

"@rollup/rollup-linux-arm-musleabihf@4.63.2":
  version "4.63.2"
  resolved "https://registry.yarnpkg.com/@rollup/rollup-linux-arm-musleabihf/-/rollup-linux-arm-musleabihf-4.63.2.tgz#c2434c60370877a4c0dc9731dcb0500cc101bad0"
  integrity sha512-yOM7LdK0p6gk6+Q773OEwtlsikT1TL3yMmYsTtRlDRPha5vV2DC5x7LqRWDr6f3cSYNMKVqxzffXv8ivxNBIFQ==

"@rollup/rollup-linux-arm64-gnu@4.63.2":
  version "4.63.2"
  resolved "https://registry.yarnpkg.com/@rollup/rollup-linux-arm64-gnu/-/rollup-linux-arm64-gnu-4.63.2.tgz#1d64b35dafaf0bba326864a11ad345fe5568439a"
  integrity sha512-qiWuJJV3DybA2IfzvRimeKXGrGuVPv1zobSY/26KnP3HbV0VcNb3ECzgvtbvF3xjSMkcooou6HASXZuLdjnhpQ==

"@rollup/rollup-linux-arm64-musl@4.63.2":
  version "4.63.2"
  resolved "https://registry.yarnpkg.com/@rollup/rollup-linux-arm64-musl/-/rollup-linux-arm64-musl-4.63.2.tgz#bb3e084fb12eb0ea0028cb52481fd6c5a17575fb"
  integrity sha512-akcZquRzCY/KpUoZAMBhGf7oi4LmXq1BzRA5CPAC3rkUf28Y/sAYV3jSL+JKd7cwEyFvR5G0XVZ0gaMedP+60A==

"@rollup/rollup-linux-loong64-gnu@4.63.2":
  version "4.63.2"
  resolved "https://registry.yarnpkg.com/@rollup/rollup-linux-loong64-gnu/-/rollup-linux-loong64-gnu-4.63.2.tgz#a8d50e671dd3d545fb23502fd9b85904f5dfe942"
  integrity sha512-fNwYHrPyYyxauPzX/cpYw8Z7LQpp+DGA0KCoswA0aVFBpmdMil9XgjB8V3Ny64Ihu797+GKcuJqnsOKEmor7fA==

"@rollup/rollup-linux-loong64-musl@4.63.2":
  version "4.63.2"
  resolved "https://registry.yarnpkg.com/@rollup/rollup-linux-loong64-musl/-/rollup-linux-loong64-musl-4.63.2.tgz#84ab61a98fdbe2bdb17ae1d9e55cdd695d792b45"
  integrity sha512-XfvsgzR7DZqREdst7K1Mj3ilSUM5xLAHJcIMDFPKdxTs9q5VHOT8aMA+a683fqBu7DQl8+Sd9HCsQYL8EMY9qA==

"@rollup/rollup-linux-ppc64-gnu@4.63.2":
  version "4.63.2"
  resolved "https://registry.yarnpkg.com/@rollup/rollup-linux-ppc64-gnu/-/rollup-linux-ppc64-gnu-4.63.2.tgz#a8a5e7769bf1d868f95da9f9a9b1e6ba5445655c"
  integrity sha512-Pp7gVZggEFlbcuztay+/U0gVG9S1XAh8i7I1Re/htbAzo43P5wHZHw6pTyzotISqlKohoh9RpIfnOz3RbemK1w==

"@rollup/rollup-linux-ppc64-musl@4.63.2":
  version "4.63.2"
  resolved "https://registry.yarnpkg.com/@rollup/rollup-linux-ppc64-musl/-/rollup-linux-ppc64-musl-4.63.2.tgz#bceae76792d4ae280a5c5ef573a6dae44815e980"
  integrity sha512-zkgL2xff6i7u5hau/m6FGeS8gRkLEdgLw522WGmdWWlLd9btmNl3S80mcEjtGq+kvgUekQ3+BOYLLLcPlS2LIA==

"@rollup/rollup-linux-riscv64-gnu@4.63.2":
  version "4.63.2"
  resolved "https://registry.yarnpkg.com/@rollup/rollup-linux-riscv64-gnu/-/rollup-linux-riscv64-gnu-4.63.2.tgz#8843f25f5eabece4438bc05636711f1a8e5b2f6b"
  integrity sha512-qOheJomrkVCbbHFJ7L3J97cnhfogKqguAQphv26+3ZsAQIF1L19b+dArl//s8rjJHJLz9byykyM8NBP4nmSa1g==

"@rollup/rollup-linux-riscv64-musl@4.63.2":
  version "4.63.2"
  resolved "https://registry.yarnpkg.com/@rollup/rollup-linux-riscv64-musl/-/rollup-linux-riscv64-musl-4.63.2.tgz#c0f79b90c491c5b846efc5287111d4b1de4e8515"
  integrity sha512-XlxLD54wQhH3FciCgMofxBw27NzUe818gJH410qWvc41UT0ZFcgxVjyX5/EK8MPTupjeVWqN5oy+9pCA9mqfCA==

"@rollup/rollup-linux-s390x-gnu@4.63.2":
  version "4.63.2"
  resolved "https://registry.yarnpkg.com/@rollup/rollup-linux-s390x-gnu/-/rollup-linux-s390x-gnu-4.63.2.tgz#cf2080ac9e698ff14cf4b3f2fb3be8d4442fb5e0"
  integrity sha512-vdryWeRb2bLJZf0Fv/W8se6nvsHe2PkTCxV0meheK3nQE+G90VCJcke51Miy1yQRsfm2uqIyjXOu4wmUzbTtkQ==

"@rollup/rollup-linux-x64-gnu@4.63.2":
  version "4.63.2"
  resolved "https://registry.yarnpkg.com/@rollup/rollup-linux-x64-gnu/-/rollup-linux-x64-gnu-4.63.2.tgz#ec04d475cc62576a091a098ac19bcc59969473af"
  integrity sha512-bcq2h2pkKmH2po4cZV8VWzO4lL40STyu/nLoFpYMQp9C2tCVNTdcVv86MwSsn3D5s1FBe2Ty1atqvVAUTMimNg==

"@rollup/rollup-linux-x64-musl@4.63.2":
  version "4.63.2"
  resolved "https://registry.yarnpkg.com/@rollup/rollup-linux-x64-musl/-/rollup-linux-x64-musl-4.63.2.tgz#0f0862dd9823431d5e8ef411cabdbba8eb5af5c1"
  integrity sha512-EGoo5DMVMRkTId8fuTDaoxVlR5ZTsKULUezRjd9gCw5eeY+DjCvDpZAOlNUvKPGX+7rS1RWx6j+yOpNPx0cUgQ==

"@rollup/rollup-openbsd-x64@4.63.2":
  version "4.63.2"
  resolved "https://registry.yarnpkg.com/@rollup/rollup-openbsd-x64/-/rollup-openbsd-x64-4.63.2.tgz#f3e26b6d1f1a355db51327bfaf694c1ab6e57650"
  integrity sha512-MErl12k7BFHZG1TI9QF/3lSSZARzq9KgNy/FjnqFMCkv+N4RSSzoUCA5h2mqHX4Mox3WaTVKblyzhQ1zRb2ZuQ==

"@rollup/rollup-openharmony-arm64@4.63.2":
  version "4.63.2"
  resolved "https://registry.yarnpkg.com/@rollup/rollup-openharmony-arm64/-/rollup-openharmony-arm64-4.63.2.tgz#cef71ec8ada5ec194b50f94f640f6a592dd19efc"
  integrity sha512-ILs8k07Wh4p0PsNY4wYLEaXZKMOpVhrG5QDB0yHhGhuzOfDlnyHN6sflL4El/MpUP1y8uY2lUZrv4oBS6pTT3g==

"@rollup/rollup-win32-arm64-msvc@4.63.2":
  version "4.63.2"
  resolved "https://registry.yarnpkg.com/@rollup/rollup-win32-arm64-msvc/-/rollup-win32-arm64-msvc-4.63.2.tgz#000ce58f0f3992ca0648e2657c71b839dbf5a53c"
  integrity sha512-hKgB3nz/TKD3Wv78XEsyXzQsNjvhOHmwKQTvXADGOyU/cIClZDO7DsoggbdmJDPGp5V80tA3Vfv61PaKTLH3LA==

"@rollup/rollup-win32-ia32-msvc@4.63.2":
  version "4.63.2"
  resolved "https://registry.yarnpkg.com/@rollup/rollup-win32-ia32-msvc/-/rollup-win32-ia32-msvc-4.63.2.tgz#8a9dc2a2e12ceedc4fe32db3a18658dcacc28ba5"
  integrity sha512-T4wf1mudIDxN8Q/CWIBJC1u5gQUc+r5mPvlwoSbIvNkyVTP2TAFeobEmst5AQ4gMyAz4sSByVdoTDfvTmGK/8g==

"@rollup/rollup-win32-x64-gnu@4.63.2":
  version "4.63.2"
  resolved "https://registry.yarnpkg.com/@rollup/rollup-win32-x64-gnu/-/rollup-win32-x64-gnu-4.63.2.tgz#63b74a03e7703f3e7ac0590d1a68f0009035fd38"
  integrity sha512-tC3IY7qoaD9Ll3/8WJQn49j5V2f/NuI9S41NOE2iM5MPs3sPIvOkVToLcz/7Bz4pyF7PSvrtwu8I/pUrGOSecQ==

"@rollup/rollup-win32-x64-msvc@4.63.2":
  version "4.63.2"
  resolved "https://registry.yarnpkg.com/@rollup/rollup-win32-x64-msvc/-/rollup-win32-x64-msvc-4.63.2.tgz#6e284a7f17ff195289ef8750ad2b8a5fe4314566"
  integrity sha512-6NHnk/K3eq2ZFYcU1X8g67s9qIJRCOTT92gwLMVBp08dB2uuuwI1/Q/empzL2Bfr2f2WRLJVwpp90RmacQyFkw==

"@scure/base@~1.2.5":
  version "1.2.6"
  resolved "https://registry.yarnpkg.com/@scure/base/-/base-1.2.6.tgz#ca917184b8231394dd8847509c67a0be522e59f6"
  integrity sha512-g/nm5FgUa//MCj1gV09zTJTaM6KBAHqLN907YVQqf7zC49+DcO4B1so4ZX07Ef10Twr6nuqYEH9GEggFXA4Fmg==

"@scure/bip32@1.7.0", "@scure/bip32@^1.7.0":
  version "1.7.0"
  resolved "https://registry.yarnpkg.com/@scure/bip32/-/bip32-1.7.0.tgz#b8683bab172369f988f1589640e53c4606984219"
  integrity sha512-E4FFX/N3f4B80AKWp5dP6ow+flD1LQZo/w8UnLGYZO674jS6YnYeepycOOksv+vLPSpgN35wgKgy+ybfTb2SMw==
  dependencies:
    "@noble/curves" "~1.9.0"
    "@noble/hashes" "~1.8.0"
    "@scure/base" "~1.2.5"

"@scure/bip39@1.6.0", "@scure/bip39@^1.6.0":
  version "1.6.0"
  resolved "https://registry.yarnpkg.com/@scure/bip39/-/bip39-1.6.0.tgz#475970ace440d7be87a6086cbee77cb8f1a684f9"
  integrity sha512-+lF0BbLiJNwVlev4eKelw1WWLaiKXw7sSl8T6FvBlWkdX+94aGJ4o8XjUdlyhTCjd8c+B3KT3JfS8P0bLRNU6A==
  dependencies:
    "@noble/hashes" "~1.8.0"
    "@scure/base" "~1.2.5"

"@types/estree@1.0.9":
  version "1.0.9"
  resolved "https://registry.yarnpkg.com/@types/estree/-/estree-1.0.9.tgz#cf3f0e876d7bee15a93ab925b82bf570a3904a24"
  integrity sha512-GhdPgy1el4/ImP05X05Uw4cw2/M93BCUmnEvWZNStlCzEKME4Fkk+YpoA5OiHNQmoS7Cafb8Xa3Pya8m1Qrzeg==

abitype@1.2.3:
  version "1.2.3"
  resolved "https://registry.yarnpkg.com/abitype/-/abitype-1.2.3.tgz#bec3e09dea97d99ef6c719140bee663a329ad1f4"
  integrity sha512-Ofer5QUnuUdTFsBRwARMoWKOH1ND5ehwYhJ3OJ/BQO+StkwQjHw0XyVh4vDttzHB7QOFhPHa/o413PJ82gU/Tg==

abitype@^1.2.3:
  version "1.3.0"
  resolved "https://registry.yarnpkg.com/abitype/-/abitype-1.3.0.tgz#39de89010dd7390ece44d5242a3aa80901cc193d"
  integrity sha512-fk6Te+bojIFrMvMZrnOO+SxCB+RUksTGOzq/60ZRvs1L+BVzvi2bqt9L3W/17ZLdZsyM1FuYf65P5nlmoiH1Bg==

"esbuild@^0.27.0 || ^0.28.0":
  version "0.28.2"
  resolved "https://registry.yarnpkg.com/esbuild/-/esbuild-0.28.2.tgz#0f43bd1bad955b72d24e2261e3abe5957ccf0816"
  integrity sha512-HKVLS8dvII+xoKW9kmqxbRKrnWEXfJJr/FZhhJmiqIB0e053QNYFqOBouTMO/k5sID4MvCiUCvv8b9M4h32wIA==
  optionalDependencies:
    "@esbuild/aix-ppc64" "0.28.2"
    "@esbuild/android-arm" "0.28.2"
    "@esbuild/android-arm64" "0.28.2"
    "@esbuild/android-x64" "0.28.2"
    "@esbuild/darwin-arm64" "0.28.2"
    "@esbuild/darwin-x64" "0.28.2"
    "@esbuild/freebsd-arm64" "0.28.2"
    "@esbuild/freebsd-x64" "0.28.2"
    "@esbuild/linux-arm" "0.28.2"
    "@esbuild/linux-arm64" "0.28.2"
    "@esbuild/linux-ia32" "0.28.2"
    "@esbuild/linux-loong64" "0.28.2"
    "@esbuild/linux-mips64el" "0.28.2"
    "@esbuild/linux-ppc64" "0.28.2"
    "@esbuild/linux-riscv64" "0.28.2"
    "@esbuild/linux-s390x" "0.28.2"
    "@esbuild/linux-x64" "0.28.2"
    "@esbuild/netbsd-arm64" "0.28.2"
    "@esbuild/netbsd-x64" "0.28.2"
    "@esbuild/openbsd-arm64" "0.28.2"
    "@esbuild/openbsd-x64" "0.28.2"
    "@esbuild/openharmony-arm64" "0.28.2"
    "@esbuild/sunos-x64" "0.28.2"
    "@esbuild/win32-arm64" "0.28.2"
    "@esbuild/win32-ia32" "0.28.2"
    "@esbuild/win32-x64" "0.28.2"

eventemitter3@5.0.1:
  version "5.0.1"
  resolved "https://registry.yarnpkg.com/eventemitter3/-/eventemitter3-5.0.1.tgz#53f5ffd0a492ac800721bb42c66b841de96423c4"
  integrity sha512-GWkBvjiSZK87ELrYOSESUYeVIc9mvLLf/nXalMOS5dYrgZq9o5OVkbZAVM06CVxYsCwH9BDZFPlQTlPA1j4ahA==

fdir@^6.5.0:
  version "6.5.0"
  resolved "https://registry.yarnpkg.com/fdir/-/fdir-6.5.0.tgz#ed2ab967a331ade62f18d077dae192684d50d350"
  integrity sha512-tIbYtZbucOs0BRGqPJkshJUYdL+SDH7dVM8gjy+ERp3WAUjLEFJE+02kanyHtwjWOnwrKYBiwAmM0p4kLJAnXg==

fsevents@~2.3.2, fsevents@~2.3.3:
  version "2.3.3"
  resolved "https://registry.yarnpkg.com/fsevents/-/fsevents-2.3.3.tgz#cac6407785d03675a2a5e1a5305c697b347d90d6"
  integrity sha512-5xoDfX+fL7faATnagmWPpbFtwh/R77WmMMqqHGS65C3vvB0YHrgF+B1YmZ3441tMj5n63k0212XNoJwzlhffQw==

isows@1.0.7:
  version "1.0.7"
  resolved "https://registry.yarnpkg.com/isows/-/isows-1.0.7.tgz#1c06400b7eed216fbba3bcbd68f12490fc342915"
  integrity sha512-I1fSfDCZL5P0v33sVqeTDSpcstAg/N+wF5HS033mogOVIp4B+oHC7oOCsA3axAbBSGTJ8QubbNmnIRN/h8U7hg==

nanoid@^3.3.18:
  version "3.3.19"
  resolved "https://registry.yarnpkg.com/nanoid/-/nanoid-3.3.19.tgz#336d4aa4bcd4fb24d2cddede7ffeae40bec03f0a"
  integrity sha512-Y2tUNy4ouw6tq5oDSKeQYGOyhkUBhNOcGV/02KC+6kd9eDGqdZd++mjMiIDilrBYvjEnCYvVtsuHCuP+okSfug==

ox@0.14.44:
  version "0.14.44"
  resolved "https://registry.yarnpkg.com/ox/-/ox-0.14.44.tgz#58cda086c7e2d4c3ba39f08a33778c47de5e2dee"
  integrity sha512-O54qXXHEk4ySamMSyBpI0AeBegS5frxU6+LA6Jb9Sf6kMOxcTNaxYmwZfpOu22DIQsdKfgQxHq8EsAGaoBQScA==
  dependencies:
    "@adraffy/ens-normalize" "^1.11.0"
    "@noble/ciphers" "^1.3.0"
    "@noble/curves" "1.9.1"
    "@noble/hashes" "^1.8.0"
    "@scure/bip32" "^1.7.0"
    "@scure/bip39" "^1.6.0"
    abitype "^1.2.3"
    eventemitter3 "5.0.1"

picocolors@^1.1.1:
  version "1.1.1"
  resolved "https://registry.yarnpkg.com/picocolors/-/picocolors-1.1.1.tgz#3d321af3eab939b083c8f929a1d12cda81c26b6b"
  integrity sha512-xceH2snhtb5M9liqDsmEw56le376mTZkEX/jEb/RxNFyegNul7eNslCXP9FDj/Lcu0X8KEyMceP2ntpaHrDEVA==

picomatch@^4.0.3, picomatch@^4.0.4:
  version "4.0.7"
  resolved "https://registry.yarnpkg.com/picomatch/-/picomatch-4.0.7.tgz#6313360034ccb36b3dc61ecbdff78121f90fe21f"
  integrity sha512-qcJu88Q2IWqJsDD529JKMdwGm/dvInW4HvQnRwiH9JtihJvzGOscDtHE3x1pBKeUOTysQ8kVmLnJ2kJu7yhcGA==

postcss@^8.5.6:
  version "8.5.28"
  resolved "https://registry.yarnpkg.com/postcss/-/postcss-8.5.28.tgz#da4563a99a06e62d6c1cd1acae363224bcaed6e9"
  integrity sha512-RRuzqDtt5Y9h3quz5hWhK+TPnsmVs6WwSU6LkJMeY4HstUEDuYTG8UJSdawMRzmzAtV+KEoG8N3Qg2qLy5vM/A==
  dependencies:
    nanoid "^3.3.18"
    picocolors "^1.1.1"
    source-map-js "^1.2.1"

rollup@^4.43.0:
  version "4.63.2"
  resolved "https://registry.yarnpkg.com/rollup/-/rollup-4.63.2.tgz#9239ef5a5eca6e3fcdd9f0ad5eedc9d6c1ca11f4"
  integrity sha512-l5eyksV4tPBj6lJyEa37YzIOCSOV7lkZzEHUdpjWZbtD7wTcFYmEYXSgm5bT4vV+dZLb9rBG1W9GROOG4NS4Ew==
  dependencies:
    "@types/estree" "1.0.9"
  optionalDependencies:
    "@napi-rs/lzma-linux-x64-gnu" "1.5.1"
    "@rollup/rollup-android-arm-eabi" "4.63.2"
    "@rollup/rollup-android-arm64" "4.63.2"
    "@rollup/rollup-darwin-arm64" "4.63.2"
    "@rollup/rollup-darwin-x64" "4.63.2"
    "@rollup/rollup-freebsd-arm64" "4.63.2"
    "@rollup/rollup-freebsd-x64" "4.63.2"
    "@rollup/rollup-linux-arm-gnueabihf" "4.63.2"
    "@rollup/rollup-linux-arm-musleabihf" "4.63.2"
    "@rollup/rollup-linux-arm64-gnu" "4.63.2"
    "@rollup/rollup-linux-arm64-musl" "4.63.2"
    "@rollup/rollup-linux-loong64-gnu" "4.63.2"
    "@rollup/rollup-linux-loong64-musl" "4.63.2"
    "@rollup/rollup-linux-ppc64-gnu" "4.63.2"
    "@rollup/rollup-linux-ppc64-musl" "4.63.2"
    "@rollup/rollup-linux-riscv64-gnu" "4.63.2"
    "@rollup/rollup-linux-riscv64-musl" "4.63.2"
    "@rollup/rollup-linux-s390x-gnu" "4.63.2"
    "@rollup/rollup-linux-x64-gnu" "4.63.2"
    "@rollup/rollup-linux-x64-musl" "4.63.2"
    "@rollup/rollup-openbsd-x64" "4.63.2"
    "@rollup/rollup-openharmony-arm64" "4.63.2"
    "@rollup/rollup-win32-arm64-msvc" "4.63.2"
    "@rollup/rollup-win32-ia32-msvc" "4.63.2"
    "@rollup/rollup-win32-x64-gnu" "4.63.2"
    "@rollup/rollup-win32-x64-msvc" "4.63.2"
    fsevents "~2.3.2"

source-map-js@^1.2.1:
  version "1.2.1"
  resolved "https://registry.yarnpkg.com/source-map-js/-/source-map-js-1.2.1.tgz#1ce5650fddd87abc099eda37dcff024c2667ae46"
  integrity sha512-UXWMKhLOwVKb728IUtQPXxfYU+usdybtUrK/8uGE8CQMvrhOpwvzDBwj0QhSL7MQc7vIsISBG8VQ8+IDQxpfQA==

tinyglobby@^0.2.15:
  version "0.2.17"
  resolved "https://registry.yarnpkg.com/tinyglobby/-/tinyglobby-0.2.17.tgz#562a9a6c9eb2b3b123d39719f9af5bb44fcd7631"
  integrity sha512-wXR/dYpcqKmfWpEdZjiKJOwCNFndD0DMnrW/cYjVGttEkBfVgcLFHoNrlj47mjOVic9yyNu65alsgF4NQyTa2g==
  dependencies:
    fdir "^6.5.0"
    picomatch "^4.0.4"

typescript@^5.9.0:
  version "5.9.3"
  resolved "https://registry.yarnpkg.com/typescript/-/typescript-5.9.3.tgz#5b4f59e15310ab17a216f5d6cf53ee476ede670f"
  integrity sha512-jl1vZzPDinLr9eUt3J/t7V6FgNEw9QjvBPdysz9KfQDD41fQrC2Y4vKQdiaUpFT4bXlb1RHhLpp8wtm6M5TgSw==

viem@^2.47.6:
  version "2.56.5"
  resolved "https://registry.yarnpkg.com/viem/-/viem-2.56.5.tgz#7e8e33b17702f45d47d0cccd9a6e4ffa979d2126"
  integrity sha512-GuEf/oee0PHgy4D6JIA8u0rY1g+sM5nF+p7HyMHO3vjlHC5G/ljfrgnUOnrES9m5Ny/P3RwWCHjDuN2T6HUWzQ==
  dependencies:
    "@noble/curves" "1.9.1"
    "@noble/hashes" "1.8.0"
    "@scure/bip32" "1.7.0"
    "@scure/bip39" "1.6.0"
    abitype "1.2.3"
    isows "1.0.7"
    ox "0.14.44"
    ws "8.21.0"

vite@^7.2.2:
  version "7.3.6"
  resolved "https://registry.yarnpkg.com/vite/-/vite-7.3.6.tgz#0547a395e68d3746e9a505f1fd4469fe09b49cc4"
  integrity sha512-4XP60spRGjSZFf1qYH+dJIkK2znL3zQfl9KkOV9MkkRR/3Dls0dxaBsQPTloEc5BLXWPL9vsOxopxyKoMmDueg==
  dependencies:
    esbuild "^0.27.0 || ^0.28.0"
    fdir "^6.5.0"
    picomatch "^4.0.3"
    postcss "^8.5.6"
    rollup "^4.43.0"
    tinyglobby "^0.2.15"
  optionalDependencies:
    fsevents "~2.3.3"

ws@8.21.0:
  version "8.21.0"
  resolved "https://registry.yarnpkg.com/ws/-/ws-8.21.0.tgz#012e413fc07429945121b0c153158c4343086951"
  integrity sha512-Vsp28b7DRcimFQvrqu2Wek3z1iYxDCWqHYB8Qsnk/S4RfaCQzPGPyBNuVjJV3cd6UiKtUtp6sNM77gWvzcCH+g==
